// !$*UTF8*$!
{
	archiveVersion = 1;
	classes = {
	};
	objectVersion = 46;
	objects = {

/* Begin PBXBuildFile section */
		E80263381C468D5B000CB3AD /* UILabel(CornerRadius).m in Sources */ = {isa = PBXBuildFile; fileRef = E80263371C468D5B000CB3AD /* UILabel(CornerRadius).m */; };
		E802633C1C468F38000CB3AD /* BBMenuCollectionView.m in Sources */ = {isa = PBXBuildFile; fileRef = E802633B1C468F38000CB3AD /* BBMenuCollectionView.m */; };
		E802633F1C46AFF8000CB3AD /* UIView(HRConstraint).m in Sources */ = {isa = PBXBuildFile; fileRef = E802633E1C46AFF8000CB3AD /* UIView(HRConstraint).m */; };
		E80263461C46B9E8000CB3AD /* BBViewController.m in Sources */ = {isa = PBXBuildFile; fileRef = E80263451C46B9E8000CB3AD /* BBViewController.m */; };
		E80263491C46C4EF000CB3AD /* BBNavigationViewControllerSegue.m in Sources */ = {isa = PBXBuildFile; fileRef = E80263481C46C4EF000CB3AD /* BBNavigationViewControllerSegue.m */; };
		E802634C1C46CD73000CB3AD /* BBLevelViewController.m in Sources */ = {isa = PBXBuildFile; fileRef = E802634B1C46CD73000CB3AD /* BBLevelViewController.m */; };
		E8618AEB1DA5170B006E72FD /* YPAnimation.m in Sources */ = {isa = PBXBuildFile; fileRef = E8618AE81DA5170B006E72FD /* YPAnimation.m */; };
		E8618AEC1DA5170B006E72FD /* YPProgressAnimation.m in Sources */ = {isa = PBXBuildFile; fileRef = E8618AEA1DA5170B006E72FD /* YPProgressAnimation.m */; };
		E8D88C961C323B55001E6FF8 /* main.m in Sources */ = {isa = PBXBuildFile; fileRef = E8D88C951C323B55001E6FF8 /* main.m */; };
		E8D88C991C323B55001E6FF8 /* AppDelegate.m in Sources */ = {isa = PBXBuildFile; fileRef = E8D88C981C323B55001E6FF8 /* AppDelegate.m */; };
		E8D88C9C1C323B55001E6FF8 /* BBGameViewController.m in Sources */ = {isa = PBXBuildFile; fileRef = E8D88C9B1C323B55001E6FF8 /* BBGameViewController.m */; };
		E8D88C9F1C323B55001E6FF8 /* Main.storyboard in Resources */ = {isa = PBXBuildFile; fileRef = E8D88C9D1C323B55001E6FF8 /* Main.storyboard */; };
		E8D88CA11C323B55001E6FF8 /* Assets.xcassets in Resources */ = {isa = PBXBuildFile; fileRef = E8D88CA01C323B55001E6FF8 /* Assets.xcassets */; };
		E8D88CA41C323B55001E6FF8 /* LaunchScreen.storyboard in Resources */ = {isa = PBXBuildFile; fileRef = E8D88CA21C323B55001E6FF8 /* LaunchScreen.storyboard */; };
		E8D88CAF1C323B55001E6FF8 /* BumBomTests.m in Sources */ = {isa = PBXBuildFile; fileRef = E8D88CAE1C323B55001E6FF8 /* BumBomTests.m */; };
		E8D88CBC1C323BD7001E6FF8 /* BBBombManager.m in Sources */ = {isa = PBXBuildFile; fileRef = E8D88CBB1C323BD7001E6FF8 /* BBBombManager.m */; };
		E8D88CBF1C325C39001E6FF8 /* BBLevelManger.m in Sources */ = {isa = PBXBuildFile; fileRef = E8D88CBE1C325C39001E6FF8 /* BBLevelManger.m */; };
		E8EF47C21C43E56F00A0984B /* BBCurcleMenuViewController.m in Sources */ = {isa = PBXBuildFile; fileRef = E8EF47C11C43E56F00A0984B /* BBCurcleMenuViewController.m */; };
/* End PBXBuildFile section */

/* Begin PBXContainerItemProxy section */
		E8D88CAB1C323B55001E6FF8 /* PBXContainerItemProxy */ = {
			isa = PBXContainerItemProxy;
			containerPortal = E8D88C891C323B55001E6FF8 /* Project object */;
			proxyType = 1;
			remoteGlobalIDString = E8D88C901C323B55001E6FF8;
			remoteInfo = BumBom;
		};
/* End PBXContainerItemProxy section */

/* Begin PBXFileReference section */
		E80263361C468D5B000CB3AD /* UILabel(CornerRadius).h */ = {isa = PBXFileReference; fileEncoding = 4; lastKnownFileType = sourcecode.c.h; path = "UILabel(CornerRadius).h"; sourceTree = "<group>"; };
		E80263371C468D5B000CB3AD /* UILabel(CornerRadius).m */ = {isa = PBXFileReference; fileEncoding = 4; lastKnownFileType = sourcecode.c.objc; path = "UILabel(CornerRadius).m"; sourceTree = "<group>"; };
		E802633A1C468F38000CB3AD /* BBMenuCollectionView.h */ = {isa = PBXFileReference; fileEncoding = 4; lastKnownFileType = sourcecode.c.h; path = BBMenuCollectionView.h; sourceTree = "<group>"; };
		E802633B1C468F38000CB3AD /* BBMenuCollectionView.m */ = {isa = PBXFileReference; fileEncoding = 4; lastKnownFileType = sourcecode.c.objc; path = BBMenuCollectionView.m; sourceTree = "<group>"; };
		E802633D1C46AFF8000CB3AD /* UIView(HRConstraint).h */ = {isa = PBXFileReference; fileEncoding = 4; lastKnownFileType = sourcecode.c.h; path = "UIView(HRConstraint).h"; sourceTree = "<group>"; };
		E802633E1C46AFF8000CB3AD /* UIView(HRConstraint).m */ = {isa = PBXFileReference; fileEncoding = 4; lastKnownFileType = sourcecode.c.objc; path = "UIView(HRConstraint).m"; sourceTree = "<group>"; };
		E80263401C46B7CD000CB3AD /* HRAssertDefine.h */ = {isa = PBXFileReference; lastKnownFileType = sourcecode.c.h; path = HRAssertDefine.h; sourceTree = "<group>"; };
		E80263411C46B7CD000CB3AD /* HRCodingSupprotDefine.h */ = {isa = PBXFileReference; lastKnownFileType = sourcecode.c.h; path = HRCodingSupprotDefine.h; sourceTree = "<group>"; };
		E80263421C46B7CD000CB3AD /* HRKeyDefine.h */ = {isa = PBXFileReference; lastKnownFileType = sourcecode.c.h; path = HRKeyDefine.h; sourceTree = "<group>"; };
		E80263441C46B9E8000CB3AD /* BBViewController.h */ = {isa = PBXFileReference; fileEncoding = 4; lastKnownFileType = sourcecode.c.h; path = BBViewController.h; sourceTree = "<group>"; };
		E80263451C46B9E8000CB3AD /* BBViewController.m */ = {isa = PBXFileReference; fileEncoding = 4; lastKnownFileType = sourcecode.c.objc; path = BBViewController.m; sourceTree = "<group>"; };
		E80263471C46C4EF000CB3AD /* BBNavigationViewControllerSegue.h */ = {isa = PBXFileReference; fileEncoding = 4; lastKnownFileType = sourcecode.c.h; path = BBNavigationViewControllerSegue.h; sourceTree = "<group>"; };
		E80263481C46C4EF000CB3AD /* BBNavigationViewControllerSegue.m */ = {isa = PBXFileReference; fileEncoding = 4; lastKnownFileType = sourcecode.c.objc; path = BBNavigationViewControllerSegue.m; sourceTree = "<group>"; };
		E802634A1C46CD73000CB3AD /* BBLevelViewController.h */ = {isa = PBXFileReference; fileEncoding = 4; lastKnownFileType = sourcecode.c.h; path = BBLevelViewController.h; sourceTree = "<group>"; };
		E802634B1C46CD73000CB3AD /* BBLevelViewController.m */ = {isa = PBXFileReference; fileEncoding = 4; lastKnownFileType = sourcecode.c.objc; path = BBLevelViewController.m; sourceTree = "<group>"; };
		E8618AE71DA5170B006E72FD /* YPAnimation.h */ = {isa = PBXFileReference; fileEncoding = 4; lastKnownFileType = sourcecode.c.h; path = YPAnimation.h; sourceTree = "<group>"; };
		E8618AE81DA5170B006E72FD /* YPAnimation.m */ = {isa = PBXFileReference; fileEncoding = 4; lastKnownFileType = sourcecode.c.objc; path = YPAnimation.m; sourceTree = "<group>"; };
		E8618AE91DA5170B006E72FD /* YPProgressAnimation.h */ = {isa = PBXFileReference; fileEncoding = 4; lastKnownFileType = sourcecode.c.h; path = YPProgressAnimation.h; sourceTree = "<group>"; };
		E8618AEA1DA5170B006E72FD /* YPProgressAnimation.m */ = {isa = PBXFileReference; fileEncoding = 4; lastKnownFileType = sourcecode.c.objc; path = YPProgressAnimation.m; sourceTree = "<group>"; };
		E8D88C911C323B55001E6FF8 /* BumBom.app */ = {isa = PBXFileReference; explicitFileType = wrapper.application; includeInIndex = 0; path = BumBom.app; sourceTree = BUILT_PRODUCTS_DIR; };
		E8D88C951C323B55001E6FF8 /* main.m */ = {isa = PBXFileReference; lastKnownFileType = sourcecode.c.objc; path = main.m; sourceTree = "<group>"; };
		E8D88C971C323B55001E6FF8 /* AppDelegate.h */ = {isa = PBXFileReference; lastKnownFileType = sourcecode.c.h; path = AppDelegate.h; sourceTree = "<group>"; };
		E8D88C981C323B55001E6FF8 /* AppDelegate.m */ = {isa = PBXFileReference; lastKnownFileType = sourcecode.c.objc; path = AppDelegate.m; sourceTree = "<group>"; };
		E8D88C9A1C323B55001E6FF8 /* BBGameViewController.h */ = {isa = PBXFileReference; lastKnownFileType = sourcecode.c.h; path = BBGameViewController.h; sourceTree = "<group>"; };
		E8D88C9B1C323B55001E6FF8 /* BBGameViewController.m */ = {isa = PBXFileReference; lastKnownFileType = sourcecode.c.objc; path = BBGameViewController.m; sourceTree = "<group>"; };
		E8D88C9E1C323B55001E6FF8 /* Base */ = {isa = PBXFileReference; lastKnownFileType = file.storyboard; name = Base; path = Base.lproj/Main.storyboard; sourceTree = "<group>"; };
		E8D88CA01C323B55001E6FF8 /* Assets.xcassets */ = {isa = PBXFileReference; lastKnownFileType = folder.assetcatalog; path = Assets.xcassets; sourceTree = "<group>"; };
		E8D88CA31C323B55001E6FF8 /* Base */ = {isa = PBXFileReference; lastKnownFileType = file.storyboard; name = Base; path = Base.lproj/LaunchScreen.storyboard; sourceTree = "<group>"; };
		E8D88CA51C323B55001E6FF8 /* Info.plist */ = {isa = PBXFileReference; lastKnownFileType = text.plist.xml; path = Info.plist; sourceTree = "<group>"; };
		E8D88CAA1C323B55001E6FF8 /* BumBomTests.xctest */ = {isa = PBXFileReference; explicitFileType = wrapper.cfbundle; includeInIndex = 0; path = BumBomTests.xctest; sourceTree = BUILT_PRODUCTS_DIR; };
		E8D88CAE1C323B55001E6FF8 /* BumBomTests.m */ = {isa = PBXFileReference; lastKnownFileType = sourcecode.c.objc; path = BumBomTests.m; sourceTree = "<group>"; };
		E8D88CB01C323B55001E6FF8 /* Info.plist */ = {isa = PBXFileReference; lastKnownFileType = text.plist.xml; path = Info.plist; sourceTree = "<group>"; };
		E8D88CBA1C323BD7001E6FF8 /* BBBombManager.h */ = {isa = PBXFileReference; fileEncoding = 4; lastKnownFileType = sourcecode.c.h; path = BBBombManager.h; sourceTree = "<group>"; };
		E8D88CBB1C323BD7001E6FF8 /* BBBombManager.m */ = {isa = PBXFileReference; fileEncoding = 4; lastKnownFileType = sourcecode.c.objc; path = BBBombManager.m; sourceTree = "<group>"; };
		E8D88CBD1C325C39001E6FF8 /* BBLevelManger.h */ = {isa = PBXFileReference; fileEncoding = 4; lastKnownFileType = sourcecode.c.h; path = BBLevelManger.h; sourceTree = "<group>"; };
		E8D88CBE1C325C39001E6FF8 /* BBLevelManger.m */ = {isa = PBXFileReference; fileEncoding = 4; lastKnownFileType = sourcecode.c.objc; path = BBLevelManger.m; sourceTree = "<group>"; };
		E8EF47C01C43E56F00A0984B /* BBCurcleMenuViewController.h */ = {isa = PBXFileReference; fileEncoding = 4; lastKnownFileType = sourcecode.c.h; path = BBCurcleMenuViewController.h; sourceTree = "<group>"; };
		E8EF47C11C43E56F00A0984B /* BBCurcleMenuViewController.m */ = {isa = PBXFileReference; fileEncoding = 4; lastKnownFileType = sourcecode.c.objc; path = BBCurcleMenuViewController.m; sourceTree = "<group>"; };
/* End PBXFileReference section */

/* Begin PBXFrameworksBuildPhase section */
		E8D88C8E1C323B55001E6FF8 /* Frameworks */ = {
			isa = PBXFrameworksBuildPhase;
			buildActionMask = 2147483647;
			files = (
			);
			runOnlyForDeploymentPostprocessing = 0;
		};
		E8D88CA71C323B55001E6FF8 /* Frameworks */ = {
			isa = PBXFrameworksBuildPhase;
			buildActionMask = 2147483647;
			files = (
			);
			runOnlyForDeploymentPostprocessing = 0;
		};
/* End PBXFrameworksBuildPhase section */

/* Begin PBXGroup section */
		E80263351C468D25000CB3AD /* CornerRadius */ = {
			isa = PBXGroup;
			children = (
				E80263361C468D5B000CB3AD /* UILabel(CornerRadius).h */,
				E80263371C468D5B000CB3AD /* UILabel(CornerRadius).m */,
			);
			name = CornerRadius;
			sourceTree = "<group>";
		};
		E80263391C468EF2000CB3AD /* Collection */ = {
			isa = PBXGroup;
			children = (
				E80263401C46B7CD000CB3AD /* HRAssertDefine.h */,
				E80263411C46B7CD000CB3AD /* HRCodingSupprotDefine.h */,
				E80263421C46B7CD000CB3AD /* HRKeyDefine.h */,
				E802633D1C46AFF8000CB3AD /* UIView(HRConstraint).h */,
				E802633E1C46AFF8000CB3AD /* UIView(HRConstraint).m */,
				E802633A1C468F38000CB3AD /* BBMenuCollectionView.h */,
				E802633B1C468F38000CB3AD /* BBMenuCollectionView.m */,
			);
			name = Collection;
			sourceTree = "<group>";
		};
		E80263431C46B954000CB3AD /* BBNavigation */ = {
			isa = PBXGroup;
			children = (
				E8618AE71DA5170B006E72FD /* YPAnimation.h */,
				E8618AE81DA5170B006E72FD /* YPAnimation.m */,
				E8618AE91DA5170B006E72FD /* YPProgressAnimation.h */,
				E8618AEA1DA5170B006E72FD /* YPProgressAnimation.m */,
				E80263441C46B9E8000CB3AD /* BBViewController.h */,
				E80263451C46B9E8000CB3AD /* BBViewController.m */,
				E80263471C46C4EF000CB3AD /* BBNavigationViewControllerSegue.h */,
				E80263481C46C4EF000CB3AD /* BBNavigationViewControllerSegue.m */,
			);
			name = BBNavigation;
			sourceTree = "<group>";
		};
		E8D88C881C323B55001E6FF8 = {
			isa = PBXGroup;
			children = (
				E8D88C931C323B55001E6FF8 /* BumBom */,
				E8D88CAD1C323B55001E6FF8 /* BumBomTests */,
				E8D88C921C323B55001E6FF8 /* Products */,
			);
			sourceTree = "<group>";
		};
		E8D88C921C323B55001E6FF8 /* Products */ = {
			isa = PBXGroup;
			children = (
				E8D88C911C323B55001E6FF8 /* BumBom.app */,
				E8D88CAA1C323B55001E6FF8 /* BumBomTests.xctest */,
			);
			name = Products;
			sourceTree = "<group>";
		};
		E8D88C931C323B55001E6FF8 /* BumBom */ = {
			isa = PBXGroup;
			children = (
				E80263431C46B954000CB3AD /* BBNavigation */,
				E80263391C468EF2000CB3AD /* Collection */,
				E80263351C468D25000CB3AD /* CornerRadius */,
				E8D88CB91C323BB3001E6FF8 /* Model */,
				E8D88C971C323B55001E6FF8 /* AppDelegate.h */,
				E8D88C981C323B55001E6FF8 /* AppDelegate.m */,
				E8D88C9A1C323B55001E6FF8 /* BBGameViewController.h */,
				E8D88C9B1C323B55001E6FF8 /* BBGameViewController.m */,
				E8EF47C01C43E56F00A0984B /* BBCurcleMenuViewController.h */,
				E8EF47C11C43E56F00A0984B /* BBCurcleMenuViewController.m */,
				E802634A1C46CD73000CB3AD /* BBLevelViewController.h */,
				E802634B1C46CD73000CB3AD /* BBLevelViewController.m */,
				E8D88C9D1C323B55001E6FF8 /* Main.storyboard */,
				E8D88CA01C323B55001E6FF8 /* Assets.xcassets */,
				E8D88CA21C323B55001E6FF8 /* LaunchScreen.storyboard */,
				E8D88CA51C323B55001E6FF8 /* Info.plist */,
				E8D88C941C323B55001E6FF8 /* Supporting Files */,
			);
			path = BumBom;
			sourceTree = "<group>";
		};
		E8D88C941C323B55001E6FF8 /* Supporting Files */ = {
			isa = PBXGroup;
			children = (
				E8D88C951C323B55001E6FF8 /* main.m */,
			);
			name = "Supporting Files";
			sourceTree = "<group>";
		};
		E8D88CAD1C323B55001E6FF8 /* BumBomTests */ = {
			isa = PBXGroup;
			children = (
				E8D88CAE1C323B55001E6FF8 /* BumBomTests.m */,
				E8D88CB01C323B55001E6FF8 /* Info.plist */,
			);
			path = BumBomTests;
			sourceTree = "<group>";
		};
		E8D88CB91C323BB3001E6FF8 /* Model */ = {
			isa = PBXGroup;
			children = (
				E8D88CBA1C323BD7001E6FF8 /* BBBombManager.h */,
				E8D88CBB1C323BD7001E6FF8 /* BBBombManager.m */,
				E8D88CBD1C325C39001E6FF8 /* BBLevelManger.h */,
				E8D88CBE1C325C39001E6FF8 /* BBLevelManger.m */,
			);
			name = Model;
			sourceTree = "<group>";
		};
/* End PBXGroup section */

/* Begin PBXNativeTarget section */
		E8D88C901C323B55001E6FF8 /* BumBom */ = {
			isa = PBXNativeTarget;
			buildConfigurationList = E8D88CB31C323B55001E6FF8 /* Build configuration list for PBXNativeTarget "BumBom" */;
			buildPhases = (
				E8D88C8D1C323B55001E6FF8 /* Sources */,
				E8D88C8E1C323B55001E6FF8 /* Frameworks */,
				E8D88C8F1C323B55001E6FF8 /* Resources */,
			);
			buildRules = (
			);
			dependencies = (
			);
			name = BumBom;
			productName = BumBom;
			productReference = E8D88C911C323B55001E6FF8 /* BumBom.app */;
			productType = "com.apple.product-type.application";
		};
		E8D88CA91C323B55001E6FF8 /* BumBomTests */ = {
			isa = PBXNativeTarget;
			buildConfigurationList = E8D88CB61C323B55001E6FF8 /* Build configuration list for PBXNativeTarget "BumBomTests" */;
			buildPhases = (
				E8D88CA61C323B55001E6FF8 /* Sources */,
				E8D88CA71C323B55001E6FF8 /* Frameworks */,
				E8D88CA81C323B55001E6FF8 /* Resources */,
			);
			buildRules = (
			);
			dependencies = (
				E8D88CAC1C323B55001E6FF8 /* PBXTargetDependency */,
			);
			name = BumBomTests;
			productName = BumBomTests;
			productReference = E8D88CAA1C323B55001E6FF8 /* BumBomTests.xctest */;
			productType = "com.apple.product-type.bundle.unit-test";
		};
/* End PBXNativeTarget section */

/* Begin PBXProject section */
		E8D88C891C323B55001E6FF8 /* Project object */ = {
			isa = PBXProject;
			attributes = {
				CLASSPREFIX = BB;
				LastUpgradeCheck = 0720;
				ORGANIZATIONNAME = "Alexander Shipin";
				TargetAttributes = {
					E8D88C901C323B55001E6FF8 = {
						CreatedOnToolsVersion = 7.2;
						DevelopmentTeam = SUAWT97CSE;
					};
					E8D88CA91C323B55001E6FF8 = {
						CreatedOnToolsVersion = 7.2;
						TestTargetID = E8D88C901C323B55001E6FF8;
					};
				};
			};
			buildConfigurationList = E8D88C8C1C323B55001E6FF8 /* Build configuration list for PBXProject "BumBom" */;
			compatibilityVersion = "Xcode 3.2";
			developmentRegion = English;
			hasScannedForEncodings = 0;
			knownRegions = (
				en,
				Base,
			);
			mainGroup = E8D88C881C323B55001E6FF8;
			productRefGroup = E8D88C921C323B55001E6FF8 /* Products */;
			projectDirPath = "";
			projectRoot = "";
			targets = (
				E8D88C901C323B55001E6FF8 /* BumBom */,
				E8D88CA91C323B55001E6FF8 /* BumBomTests */,
			);
		};
/* End PBXProject section */

/* Begin PBXResourcesBuildPhase section */
		E8D88C8F1C323B55001E6FF8 /* Resources */ = {
			isa = PBXResourcesBuildPhase;
			buildActionMask = 2147483647;
			files = (
				E8D88CA41C323B55001E6FF8 /* LaunchScreen.storyboard in Resources */,
				E8D88CA11C323B55001E6FF8 /* Assets.xcassets in Resources */,
				E8D88C9F1C323B55001E6FF8 /* Main.storyboard in Resources */,
			);
			runOnlyForDeploymentPostprocessing = 0;
		};
		E8D88CA81C323B55001E6FF8 /* Resources */ = {
			isa = PBXResourcesBuildPhase;
			buildActionMask = 2147483647;
			files = (
			);
			runOnlyForDeploymentPostprocessing = 0;
		};
/* End PBXResourcesBuildPhase section */

/* Begin PBXSourcesBuildPhase section */
		E8D88C8D1C323B55001E6FF8 /* Sources */ = {
			isa = PBXSourcesBuildPhase;
			buildActionMask = 2147483647;
			files = (
				E8D88C9C1C323B55001E6FF8 /* BBGameViewController.m in Sources */,
				E80263381C468D5B000CB3AD /* UILabel(CornerRadius).m in Sources */,
				E8618AEC1DA5170B006E72FD /* YPProgressAnimation.m in Sources */,
				E80263461C46B9E8000CB3AD /* BBViewController.m in Sources */,
				E80263491C46C4EF000CB3AD /* BBNavigationViewControllerSegue.m in Sources */,
				E8618AEB1DA5170B006E72FD /* YPAnimation.m in Sources */,
				E8D88CBC1C323BD7001E6FF8 /* BBBombManager.m in Sources */,
				E802634C1C46CD73000CB3AD /* BBLevelViewController.m in Sources */,
				E802633C1C468F38000CB3AD /* BBMenuCollectionView.m in Sources */,
				E8D88C991C323B55001E6FF8 /* AppDelegate.m in Sources */,
				E802633F1C46AFF8000CB3AD /* UIView(HRConstraint).m in Sources */,
				E8D88C961C323B55001E6FF8 /* main.m in Sources */,
				E8D88CBF1C325C39001E6FF8 /* BBLevelManger.m in Sources */,
				E8EF47C21C43E56F00A0984B /* BBCurcleMenuViewController.m in Sources */,
			);
			runOnlyForDeploymentPostprocessing = 0;
		};
		E8D88CA61C323B55001E6FF8 /* Sources */ = {
			isa = PBXSourcesBuildPhase;
			buildActionMask = 2147483647;
			files = (
				E8D88CAF1C323B55001E6FF8 /* BumBomTests.m in Sources */,
			);
			runOnlyForDeploymentPostprocessing = 0;
		};
/* End PBXSourcesBuildPhase section */

/* Begin PBXTargetDependency section */
		E8D88CAC1C323B55001E6FF8 /* PBXTargetDependency */ = {
			isa = PBXTargetDependency;
			target = E8D88C901C323B55001E6FF8 /* BumBom */;
			targetProxy = E8D88CAB1C323B55001E6FF8 /* PBXContainerItemProxy */;
		};
/* End PBXTargetDependency section */

/* Begin PBXVariantGroup section */
		E8D88C9D1C323B55001E6FF8 /* Main.storyboard */ = {
			isa = PBXVariantGroup;
			children = (
				E8D88C9E1C323B55001E6FF8 /* Base */,
			);
			name = Main.storyboard;
			sourceTree = "<group>";
		};
		E8D88CA21C323B55001E6FF8 /* LaunchScreen.storyboard */ = {
			isa = PBXVariantGroup;
			children = (
				E8D88CA31C323B55001E6FF8 /* Base */,
			);
			name = LaunchScreen.storyboard;
			sourceTree = "<group>";
		};
/* End PBXVariantGroup section */

/* Begin XCBuildConfiguration section */
		E8D88CB11C323B55001E6FF8 /* Debug */ = {
			isa = XCBuildConfiguration;
			buildSettings = {
				ALWAYS_SEARCH_USER_PATHS = NO;
				CLANG_CXX_LANGUAGE_STANDARD = "gnu++0x";
				CLANG_CXX_LIBRARY = "libc++";
				CLANG_ENABLE_MODULES = YES;
				CLANG_ENABLE_OBJC_ARC = YES;
				CLANG_WARN_BOOL_CONVERSION = YES;
				CLANG_WARN_CONSTANT_CONVERSION = YES;
				CLANG_WARN_DIRECT_OBJC_ISA_USAGE = YES_ERROR;
				CLANG_WARN_EMPTY_BODY = YES;
				CLANG_WARN_ENUM_CONVERSION = YES;
				CLANG_WARN_INT_CONVERSION = YES;
				CLANG_WARN_OBJC_ROOT_CLASS = YES_ERROR;
				CLANG_WARN_UNREACHABLE_CODE = YES;
				CLANG_WARN__DUPLICATE_METHOD_MATCH = YES;
				"CODE_SIGN_IDENTITY[sdk=iphoneos*]" = "iPhone Developer";
				COPY_PHASE_STRIP = NO;
				DEBUG_INFORMATION_FORMAT = dwarf;
				ENABLE_STRICT_OBJC_MSGSEND = YES;
				ENABLE_TESTABILITY = YES;
				GCC_C_LANGUAGE_STANDARD = gnu99;
				GCC_DYNAMIC_NO_PIC = NO;
				GCC_NO_COMMON_BLOCKS = YES;
				GCC_OPTIMIZATION_LEVEL = 0;
				GCC_PREPROCESSOR_DEFINITIONS = (
					"DEBUG=1",
					"$(inherited)",
				);
				GCC_WARN_64_TO_32_BIT_CONVERSION = YES;
				GCC_WARN_ABOUT_RETURN_TYPE = YES_ERROR;
				GCC_WARN_UNDECLARED_SELECTOR = YES;
				GCC_WARN_UNINITIALIZED_AUTOS = YES_AGGRESSIVE;
				GCC_WARN_UNUSED_FUNCTION = YES;
				GCC_WARN_UNUSED_VARIABLE = YES;
				IPHONEOS_DEPLOYMENT_TARGET = 9.2;
				MTL_ENABLE_DEBUG_INFO = YES;
				ONLY_ACTIVE_ARCH = YES;
				SDKROOT = iphoneos;
				TARGETED_DEVICE_FAMILY = "1,2";
			};
			name = Debug;
		};
		E8D88CB21C323B55001E6FF8 /* Release */ = {
			isa = XCBuildConfiguration;
			buildSettings = {
				ALWAYS_SEARCH_USER_PATHS = NO;
				CLANG_CXX_LANGUAGE_STANDARD = "gnu++0x";
				CLANG_CXX_LIBRARY = "libc++";
				CLANG_ENABLE_MODULES = YES;
				CLANG_ENABLE_OBJC_ARC = YES;
				CLANG_WARN_BOOL_CONVERSION = YES;
				CLANG_WARN_CONSTANT_CONVERSION = YES;
				CLANG_WARN_DIRECT_OBJC_ISA_USAGE = YES_ERROR;
				CLANG_WARN_EMPTY_BODY = YES;
				CLANG_WARN_ENUM_CONVERSION = YES;
				CLANG_WARN_INT_CONVERSION = YES;
				CLANG_WARN_OBJC_ROOT_CLASS = YES_ERROR;
				CLANG_WARN_UNREACHABLE_CODE = YES;
				CLANG_WARN__DUPLICATE_METHOD_MATCH = YES;
				"CODE_SIGN_IDENTITY[sdk=iphoneos*]" = "iPhone Developer";
				COPY_PHASE_STRIP = NO;
				DEBUG_INFORMATION_FORMAT = "dwarf-with-dsym";
				ENABLE_NS_ASSERTIONS = NO;
				ENABLE_STRICT_OBJC_MSGSEND = YES;
				GCC_C_LANGUAGE_STANDARD = gnu99;
				GCC_NO_COMMON_BLOCKS = YES;
				GCC_WARN_64_TO_32_BIT_CONVERSION = YES;
				GCC_WARN_ABOUT_RETURN_TYPE = YES_ERROR;
				GCC_WARN_UNDECLARED_SELECTOR = YES;
				GCC_WARN_UNINITIALIZED_AUTOS = YES_AGGRESSIVE;
				GCC_WARN_UNUSED_FUNCTION = YES;
				GCC_WARN_UNUSED_VARIABLE = YES;
				IPHONEOS_DEPLOYMENT_TARGET = 9.2;
				MTL_ENABLE_DEBUG_INFO = NO;
				SDKROOT = iphoneos;
				TARGETED_DEVICE_FAMILY = "1,2";
				VALIDATE_PRODUCT = YES;
			};
			name = Release;
		};
		E8D88CB41C323B55001E6FF8 /* Debug */ = {
			isa = XCBuildConfiguration;
			buildSettings = {
				ASSETCATALOG_COMPILER_APPICON_NAME = AppIcon;
				"CODE_SIGN_IDENTITY[sdk=iphoneos*]" = "iPhone Developer: Andrey Chashkov (U4RY46T73D)";
				DEVELOPMENT_TEAM = SUAWT97CSE;
				INFOPLIST_FILE = BumBom/Info.plist;
				IPHONEOS_DEPLOYMENT_TARGET = 8.0;
				LD_RUNPATH_SEARCH_PATHS = "$(inherited) @executable_path/Frameworks";
				PRODUCT_BUNDLE_IDENTIFIER = alexander.shipin.BumBom;
				PRODUCT_NAME = "$(TARGET_NAME)";
				PROVISIONING_PROFILE = "1b8ee059-2556-45c6-980f-2a2c39c53540";
				TARGETED_DEVICE_FAMILY = "1,2";
			};
			name = Debug;
		};
		E8D88CB51C323B55001E6FF8 /* Release */ = {
			isa = XCBuildConfiguration;
			buildSettings = {
				ASSETCATALOG_COMPILER_APPICON_NAME = AppIcon;
				DEVELOPMENT_TEAM = SUAWT97CSE;
				INFOPLIST_FILE = BumBom/Info.plist;
				IPHONEOS_DEPLOYMENT_TARGET = 8.0;
				LD_RUNPATH_SEARCH_PATHS = "$(inherited) @executable_path/Frameworks";
				PRODUCT_BUNDLE_IDENTIFIER = alexander.shipin.BumBom;
				PRODUCT_NAME = "$(TARGET_NAME)";
				TARGETED_DEVICE_FAMILY = "1,2";
			};
			name = Release;
		};
		E8D88CB71C323B55001E6FF8 /* Debug */ = {
			isa = XCBuildConfiguration;
			buildSettings = {
				BUNDLE_LOADER = "$(TEST_HOST)";
				INFOPLIST_FILE = BumBomTests/Info.plist;
				LD_RUNPATH_SEARCH_PATHS = "$(inherited) @executable_path/Frameworks @loader_path/Frameworks";
				PRODUCT_BUNDLE_IDENTIFIER = alexander.shipin.BumBomTests;
				PRODUCT_NAME = "$(TARGET_NAME)";
				TEST_HOST = "$(BUILT_PRODUCTS_DIR)/BumBom.app/BumBom";
			};
			name = Debug;
		};
		E8D88CB81C323B55001E6FF8 /* Release */ = {
			isa = XCBuildConfiguration;
			buildSettings = {
				BUNDLE_LOADER = "$(TEST_HOST)";
				INFOPLIST_FILE = BumBomTests/Info.plist;
				LD_RUNPATH_SEARCH_PATHS = "$(inherited) @executable_path/Frameworks @loader_path/Frameworks";
				PRODUCT_BUNDLE_IDENTIFIER = alexander.shipin.BumBomTests;
				PRODUCT_NAME = "$(TARGET_NAME)";
				TEST_HOST = "$(BUILT_PRODUCTS_DIR)/BumBom.app/BumBom";
			};
			name = Release;
		};
/* End XCBuildConfiguration section */

/* Begin XCConfigurationList section */
		E8D88C8C1C323B55001E6FF8 /* Build configuration list for PBXProject "BumBom" */ = {
			isa = XCConfigurationList;
			buildConfigurations = (
				E8D88CB11C323B55001E6FF8 /* Debug */,
				E8D88CB21C323B55001E6FF8 /* Release */,
			);
			defaultConfigurationIsVisible = 0;
			defaultConfigurationName = Release;
		};
		E8D88CB31C323B55001E6FF8 /* Build configuration list for PBXNativeTarget "BumBom" */ = {
			isa = XCConfigurationList;
			buildConfigurations = (
				E8D88CB41C323B55001E6FF8 /* Debug */,
				E8D88CB51C323B55001E6FF8 /* Release */,
			);
			defaultConfigurationIsVisible = 0;
			defaultConfigurationName = Release;
		};
		E8D88CB61C323B55001E6FF8 /* Build configuration list for PBXNativeTarget "BumBomTests" */ = {
			isa = XCConfigurationList;
			buildConfigurations = (
				E8D88CB71C323B55001E6FF8 /* Debug */,
				E8D88CB81C323B55001E6FF8 /* Release */,
			);
			defaultConfigurationIsVisible = 0;
			defaultConfigurationName = Release;
		};
/* End XCConfigurationList section */
	};
	rootObject = E8D88C891C323B55001E6FF8 /* Project object */;
}
